
Microsoft Visual Studio Solution File, Format Version 12.00
# Visual Studio 15
VisualStudioVersion = 15.0.28307.757
MinimumVisualStudioVersion = 10.0.40219.1
Project("{8BC9CEB8-8B4A-11D0-8D11-00A0C91BC942}") = "bubbleSort", "bubbleSort\bubbleSort.vcxproj", "{79A5B1AF-89C8-4813-B28B-9E72A999EA8D}"
EndProject
Global
	GlobalSection(SolutionConfigurationPlatforms) = preSolution
		Debug|x64 = Debug|x64
		Debug|x86 = Debug|x86
		Release|x64 = Release|x64
		Release|x86 = Release|x86
	EndGlobalSection
	GlobalSection(ProjectConfigurationPlatforms) = postSolution
		{79A5B1AF-89C8-4813-B28B-9E72A999EA8D}.Debug|x64.ActiveCfg = Debug|x64
		{79A5B1AF-89C8-4813-B28B-9E72A999EA8D}.Debug|x64.Build.0 = Debug|x64
		{79A5B1AF-89C8-4813-B28B-9E72A999EA8D}.Debug|x86.ActiveCfg = Debug|Win32
		{79A5B1AF-89C8-4813-B28B-9E72A999EA8D}.Debug|x86.Build.0 = Debug|Win32
		{79A5B1AF-89C8-4813-B28B-9E72A999EA8D}.Release|x64.ActiveCfg = Release|x64
		{79A5B1AF-89C8-4813-B28B-9E72A999EA8D}.Release|x64.Build.0 = Release|x64
		{79A5B1AF-89C8-4813-B28B-9E72A999EA8D}.Release|x86.ActiveCfg = Release|Win32
		{79A5B1AF-89C8-4813-B28B-9E72A999EA8D}.Release|x86.Build.0 = Release|Win32
	EndGlobalSection
	GlobalSection(SolutionProperties) = preSolution
		HideSolutionNode = FALSE
	EndGlobalSection
	GlobalSection(ExtensibilityGlobals) = postSolution
		SolutionGuid = {68E337F5-E7E9-4372-86F8-E6F604C7C58C}
	EndGlobalSection
EndGlobal
