
Microsoft Visual Studio Solution File, Format Version 12.00
# Visual Studio 15
VisualStudioVersion = 15.0.28307.757
MinimumVisualStudioVersion = 10.0.40219.1
Project("{8BC9CEB8-8B4A-11D0-8D11-00A0C91BC942}") = "pocture", "pocture\pocture.vcxproj", "{69C856D2-2372-448D-8A74-086147B4E3B6}"
EndProject
Global
	GlobalSection(SolutionConfigurationPlatforms) = preSolution
		Debug|x64 = Debug|x64
		Debug|x86 = Debug|x86
		Release|x64 = Release|x64
		Release|x86 = Release|x86
	EndGlobalSection
	GlobalSection(ProjectConfigurationPlatforms) = postSolution
		{69C856D2-2372-448D-8A74-086147B4E3B6}.Debug|x64.ActiveCfg = Debug|x64
		{69C856D2-2372-448D-8A74-086147B4E3B6}.Debug|x64.Build.0 = Debug|x64
		{69C856D2-2372-448D-8A74-086147B4E3B6}.Debug|x86.ActiveCfg = Debug|Win32
		{69C856D2-2372-448D-8A74-086147B4E3B6}.Debug|x86.Build.0 = Debug|Win32
		{69C856D2-2372-448D-8A74-086147B4E3B6}.Release|x64.ActiveCfg = Release|x64
		{69C856D2-2372-448D-8A74-086147B4E3B6}.Release|x64.Build.0 = Release|x64
		{69C856D2-2372-448D-8A74-086147B4E3B6}.Release|x86.ActiveCfg = Release|Win32
		{69C856D2-2372-448D-8A74-086147B4E3B6}.Release|x86.Build.0 = Release|Win32
	EndGlobalSection
	GlobalSection(SolutionProperties) = preSolution
		HideSolutionNode = FALSE
	EndGlobalSection
	GlobalSection(ExtensibilityGlobals) = postSolution
		SolutionGuid = {53546C71-FA8B-481D-986A-01EC368B9444}
	EndGlobalSection
EndGlobal
