
Microsoft Visual Studio Solution File, Format Version 12.00
# Visual Studio 15
VisualStudioVersion = 15.0.28307.757
MinimumVisualStudioVersion = 10.0.40219.1
Project("{8BC9CEB8-8B4A-11D0-8D11-00A0C91BC942}") = "simpleSelectSort", "simpleSelectSort\simpleSelectSort.vcxproj", "{058ECB80-26E6-4F52-909E-EB0852451300}"
EndProject
Global
	GlobalSection(SolutionConfigurationPlatforms) = preSolution
		Debug|x64 = Debug|x64
		Debug|x86 = Debug|x86
		Release|x64 = Release|x64
		Release|x86 = Release|x86
	EndGlobalSection
	GlobalSection(ProjectConfigurationPlatforms) = postSolution
		{058ECB80-26E6-4F52-909E-EB0852451300}.Debug|x64.ActiveCfg = Debug|x64
		{058ECB80-26E6-4F52-909E-EB0852451300}.Debug|x64.Build.0 = Debug|x64
		{058ECB80-26E6-4F52-909E-EB0852451300}.Debug|x86.ActiveCfg = Debug|Win32
		{058ECB80-26E6-4F52-909E-EB0852451300}.Debug|x86.Build.0 = Debug|Win32
		{058ECB80-26E6-4F52-909E-EB0852451300}.Release|x64.ActiveCfg = Release|x64
		{058ECB80-26E6-4F52-909E-EB0852451300}.Release|x64.Build.0 = Release|x64
		{058ECB80-26E6-4F52-909E-EB0852451300}.Release|x86.ActiveCfg = Release|Win32
		{058ECB80-26E6-4F52-909E-EB0852451300}.Release|x86.Build.0 = Release|Win32
	EndGlobalSection
	GlobalSection(SolutionProperties) = preSolution
		HideSolutionNode = FALSE
	EndGlobalSection
	GlobalSection(ExtensibilityGlobals) = postSolution
		SolutionGuid = {817835C2-F638-43F1-A52D-560596FCB32D}
	EndGlobalSection
EndGlobal
